
Microsoft Visual Studio Solution File, Format Version 12.00
# Visual Studio 15
VisualStudioVersion = 15.0.28307.168
MinimumVisualStudioVersion = 10.0.40219.1
Project("{FAE04EC0-301F-11D3-BF4B-00C04F79EFBC}") = "P11 Largest product in a grid", "P11 Largest product in a grid\P11 Largest product in a grid.csproj", "{E20640AC-20F3-45AB-B2BE-8BF33012726B}"
EndProject
Global
	GlobalSection(SolutionConfigurationPlatforms) = preSolution
		Debug|Any CPU = Debug|Any CPU
		Release|Any CPU = Release|Any CPU
	EndGlobalSection
	GlobalSection(ProjectConfigurationPlatforms) = postSolution
		{E20640AC-20F3-45AB-B2BE-8BF33012726B}.Debug|Any CPU.ActiveCfg = Debug|Any CPU
		{E20640AC-20F3-45AB-B2BE-8BF33012726B}.Debug|Any CPU.Build.0 = Debug|Any CPU
		{E20640AC-20F3-45AB-B2BE-8BF33012726B}.Release|Any CPU.ActiveCfg = Release|Any CPU
		{E20640AC-20F3-45AB-B2BE-8BF33012726B}.Release|Any CPU.Build.0 = Release|Any CPU
	EndGlobalSection
	GlobalSection(SolutionProperties) = preSolution
		HideSolutionNode = FALSE
	EndGlobalSection
	GlobalSection(ExtensibilityGlobals) = postSolution
		SolutionGuid = {E510D60E-F696-4B3A-ABDE-BCBCE270F933}
	EndGlobalSection
EndGlobal
