
Microsoft Visual Studio Solution File, Format Version 12.00
# Visual Studio 15
VisualStudioVersion = 15.0.27703.2026
MinimumVisualStudioVersion = 10.0.40219.1
Project("{FAE04EC0-301F-11D3-BF4B-00C04F79EFBC}") = "P6 Sum square difference", "P6 Sum square difference\P6 Sum square difference.csproj", "{D98C6EBC-7AEC-43BC-92C1-57A84D535AEE}"
EndProject
Global
	GlobalSection(SolutionConfigurationPlatforms) = preSolution
		Debug|Any CPU = Debug|Any CPU
		Release|Any CPU = Release|Any CPU
	EndGlobalSection
	GlobalSection(ProjectConfigurationPlatforms) = postSolution
		{D98C6EBC-7AEC-43BC-92C1-57A84D535AEE}.Debug|Any CPU.ActiveCfg = Debug|Any CPU
		{D98C6EBC-7AEC-43BC-92C1-57A84D535AEE}.Debug|Any CPU.Build.0 = Debug|Any CPU
		{D98C6EBC-7AEC-43BC-92C1-57A84D535AEE}.Release|Any CPU.ActiveCfg = Release|Any CPU
		{D98C6EBC-7AEC-43BC-92C1-57A84D535AEE}.Release|Any CPU.Build.0 = Release|Any CPU
	EndGlobalSection
	GlobalSection(SolutionProperties) = preSolution
		HideSolutionNode = FALSE
	EndGlobalSection
	GlobalSection(ExtensibilityGlobals) = postSolution
		SolutionGuid = {B9702BC9-ABA2-487B-ACEF-121F82ED7CB2}
	EndGlobalSection
EndGlobal
