
Microsoft Visual Studio Solution File, Format Version 12.00
# Visual Studio 15
VisualStudioVersion = 15.0.27703.2026
MinimumVisualStudioVersion = 10.0.40219.1
Project("{FAE04EC0-301F-11D3-BF4B-00C04F79EFBC}") = "P5 Smallest multiple", "P5 Smallest multiple\P5 Smallest multiple.csproj", "{686068C3-9785-4875-9AC8-54BDD8B92EEE}"
EndProject
Global
	GlobalSection(SolutionConfigurationPlatforms) = preSolution
		Debug|Any CPU = Debug|Any CPU
		Release|Any CPU = Release|Any CPU
	EndGlobalSection
	GlobalSection(ProjectConfigurationPlatforms) = postSolution
		{686068C3-9785-4875-9AC8-54BDD8B92EEE}.Debug|Any CPU.ActiveCfg = Debug|Any CPU
		{686068C3-9785-4875-9AC8-54BDD8B92EEE}.Debug|Any CPU.Build.0 = Debug|Any CPU
		{686068C3-9785-4875-9AC8-54BDD8B92EEE}.Release|Any CPU.ActiveCfg = Release|Any CPU
		{686068C3-9785-4875-9AC8-54BDD8B92EEE}.Release|Any CPU.Build.0 = Release|Any CPU
	EndGlobalSection
	GlobalSection(SolutionProperties) = preSolution
		HideSolutionNode = FALSE
	EndGlobalSection
	GlobalSection(ExtensibilityGlobals) = postSolution
		SolutionGuid = {C1453A25-9537-4C69-B328-6A515B2326B4}
	EndGlobalSection
EndGlobal
